
Microsoft Visual Studio Solution File, Format Version 12.00
# Visual Studio 15
VisualStudioVersion = 15.0.28306.52
MinimumVisualStudioVersion = 10.0.40219.1
Project("{FAE04EC0-301F-11D3-BF4B-00C04F79EFBC}") = "ehi_connect_service", "ehi_connect_service\ehi_connect_service.csproj", "{2B7D219A-5259-4CAA-963F-46A80915FD58}"
EndProject
Global
	GlobalSection(SolutionConfigurationPlatforms) = preSolution
		Debug|Any CPU = Debug|Any CPU
		Release|Any CPU = Release|Any CPU
	EndGlobalSection
	GlobalSection(ProjectConfigurationPlatforms) = postSolution
		{2B7D219A-5259-4CAA-963F-46A80915FD58}.Debug|Any CPU.ActiveCfg = Debug|Any CPU
		{2B7D219A-5259-4CAA-963F-46A80915FD58}.Debug|Any CPU.Build.0 = Debug|Any CPU
		{2B7D219A-5259-4CAA-963F-46A80915FD58}.Release|Any CPU.ActiveCfg = Release|Any CPU
		{2B7D219A-5259-4CAA-963F-46A80915FD58}.Release|Any CPU.Build.0 = Release|Any CPU
	EndGlobalSection
	GlobalSection(SolutionProperties) = preSolution
		HideSolutionNode = FALSE
	EndGlobalSection
	GlobalSection(ExtensibilityGlobals) = postSolution
		SolutionGuid = {4586DDFF-B90D-4CCC-AAA3-951DD179D698}
	EndGlobalSection
EndGlobal
